// !$*UTF8*$!
{
	archiveVersion = 1;
	classes = {
	};
	objectVersion = 55;
	objects = {

/* Begin PBXBuildFile section */
		E456A306286512F8007236C3 /* Image+CoreDataClass.swift in Sources */ = {isa = PBXBuildFile; fileRef = E456A302286512F8007236C3 /* Image+CoreDataClass.swift */; };
		E456A307286512F8007236C3 /* Image+CoreDataProperties.swift in Sources */ = {isa = PBXBuildFile; fileRef = E456A303286512F8007236C3 /* Image+CoreDataProperties.swift */; };
		E456A308286512F8007236C3 /* Folder+CoreDataClass.swift in Sources */ = {isa = PBXBuildFile; fileRef = E456A304286512F8007236C3 /* Folder+CoreDataClass.swift */; };
		E456A309286512F8007236C3 /* Folder+CoreDataProperties.swift in Sources */ = {isa = PBXBuildFile; fileRef = E456A305286512F8007236C3 /* Folder+CoreDataProperties.swift */; };
		E4AA349E285BCCA900954F0A /* DocumentsViewController.swift in Sources */ = {isa = PBXBuildFile; fileRef = E4AA349D285BCCA900954F0A /* DocumentsViewController.swift */; };
		E4AA34A0285BCCC300954F0A /* PreviewViewController.swift in Sources */ = {isa = PBXBuildFile; fileRef = E4AA349F285BCCC300954F0A /* PreviewViewController.swift */; };
		E4AA34A2285BCE2900954F0A /* NewImageViewController.swift in Sources */ = {isa = PBXBuildFile; fileRef = E4AA34A1285BCE2800954F0A /* NewImageViewController.swift */; };
		E4B1FD28285BC97F0067218E /* AppDelegate.swift in Sources */ = {isa = PBXBuildFile; fileRef = E4B1FD27285BC97F0067218E /* AppDelegate.swift */; };
		E4B1FD2A285BC97F0067218E /* SceneDelegate.swift in Sources */ = {isa = PBXBuildFile; fileRef = E4B1FD29285BC97F0067218E /* SceneDelegate.swift */; };
		E4B1FD2C285BC97F0067218E /* MainViewController.swift in Sources */ = {isa = PBXBuildFile; fileRef = E4B1FD2B285BC97F0067218E /* MainViewController.swift */; };
		E4B1FD2F285BC97F0067218E /* Main.storyboard in Resources */ = {isa = PBXBuildFile; fileRef = E4B1FD2D285BC97F0067218E /* Main.storyboard */; };
		E4B1FD32285BC97F0067218E /* MedImage.xcdatamodeld in Sources */ = {isa = PBXBuildFile; fileRef = E4B1FD30285BC97F0067218E /* MedImage.xcdatamodeld */; };
		E4B1FD34285BC9800067218E /* Assets.xcassets in Resources */ = {isa = PBXBuildFile; fileRef = E4B1FD33285BC9800067218E /* Assets.xcassets */; };
		E4B1FD37285BC9800067218E /* LaunchScreen.storyboard in Resources */ = {isa = PBXBuildFile; fileRef = E4B1FD35285BC9800067218E /* LaunchScreen.storyboard */; };
		E4C2EA87286375A70002AB95 /* FolderCell.swift in Sources */ = {isa = PBXBuildFile; fileRef = E4C2EA86286375A70002AB95 /* FolderCell.swift */; };
		E4C2EA89286375CB0002AB95 /* PictureCell.swift in Sources */ = {isa = PBXBuildFile; fileRef = E4C2EA88286375CB0002AB95 /* PictureCell.swift */; };
		E4C332A228685327001A3CB0 /* GlobalProperties.swift in Sources */ = {isa = PBXBuildFile; fileRef = E4C332A128685327001A3CB0 /* GlobalProperties.swift */; };
/* End PBXBuildFile section */

/* Begin PBXFileReference section */
		E456A302286512F8007236C3 /* Image+CoreDataClass.swift */ = {isa = PBXFileReference; lastKnownFileType = sourcecode.swift; path = "Image+CoreDataClass.swift"; sourceTree = "<group>"; };
		E456A303286512F8007236C3 /* Image+CoreDataProperties.swift */ = {isa = PBXFileReference; lastKnownFileType = sourcecode.swift; path = "Image+CoreDataProperties.swift"; sourceTree = "<group>"; };
		E456A304286512F8007236C3 /* Folder+CoreDataClass.swift */ = {isa = PBXFileReference; lastKnownFileType = sourcecode.swift; path = "Folder+CoreDataClass.swift"; sourceTree = "<group>"; };
		E456A305286512F8007236C3 /* Folder+CoreDataProperties.swift */ = {isa = PBXFileReference; lastKnownFileType = sourcecode.swift; path = "Folder+CoreDataProperties.swift"; sourceTree = "<group>"; };
		E4AA349D285BCCA900954F0A /* DocumentsViewController.swift */ = {isa = PBXFileReference; lastKnownFileType = sourcecode.swift; path = DocumentsViewController.swift; sourceTree = "<group>"; };
		E4AA349F285BCCC300954F0A /* PreviewViewController.swift */ = {isa = PBXFileReference; lastKnownFileType = sourcecode.swift; path = PreviewViewController.swift; sourceTree = "<group>"; };
		E4AA34A1285BCE2800954F0A /* NewImageViewController.swift */ = {isa = PBXFileReference; lastKnownFileType = sourcecode.swift; path = NewImageViewController.swift; sourceTree = "<group>"; };
		E4B1FD24285BC97F0067218E /* MedImage.app */ = {isa = PBXFileReference; explicitFileType = wrapper.application; includeInIndex = 0; path = MedImage.app; sourceTree = BUILT_PRODUCTS_DIR; };
		E4B1FD27285BC97F0067218E /* AppDelegate.swift */ = {isa = PBXFileReference; lastKnownFileType = sourcecode.swift; path = AppDelegate.swift; sourceTree = "<group>"; };
		E4B1FD29285BC97F0067218E /* SceneDelegate.swift */ = {isa = PBXFileReference; lastKnownFileType = sourcecode.swift; path = SceneDelegate.swift; sourceTree = "<group>"; };
		E4B1FD2B285BC97F0067218E /* MainViewController.swift */ = {isa = PBXFileReference; lastKnownFileType = sourcecode.swift; path = MainViewController.swift; sourceTree = "<group>"; };
		E4B1FD2E285BC97F0067218E /* Base */ = {isa = PBXFileReference; lastKnownFileType = file.storyboard; name = Base; path = Base.lproj/Main.storyboard; sourceTree = "<group>"; };
		E4B1FD31285BC97F0067218E /* MedImage.xcdatamodel */ = {isa = PBXFileReference; lastKnownFileType = wrapper.xcdatamodel; path = MedImage.xcdatamodel; sourceTree = "<group>"; };
		E4B1FD33285BC9800067218E /* Assets.xcassets */ = {isa = PBXFileReference; lastKnownFileType = folder.assetcatalog; path = Assets.xcassets; sourceTree = "<group>"; };
		E4B1FD36285BC9800067218E /* Base */ = {isa = PBXFileReference; lastKnownFileType = file.storyboard; name = Base; path = Base.lproj/LaunchScreen.storyboard; sourceTree = "<group>"; };
		E4B1FD38285BC9800067218E /* Info.plist */ = {isa = PBXFileReference; lastKnownFileType = text.plist.xml; path = Info.plist; sourceTree = "<group>"; };
		E4C2EA86286375A70002AB95 /* FolderCell.swift */ = {isa = PBXFileReference; lastKnownFileType = sourcecode.swift; path = FolderCell.swift; sourceTree = "<group>"; };
		E4C2EA88286375CB0002AB95 /* PictureCell.swift */ = {isa = PBXFileReference; lastKnownFileType = sourcecode.swift; path = PictureCell.swift; sourceTree = "<group>"; };
		E4C332A128685327001A3CB0 /* GlobalProperties.swift */ = {isa = PBXFileReference; lastKnownFileType = sourcecode.swift; path = GlobalProperties.swift; sourceTree = "<group>"; };
/* End PBXFileReference section */

/* Begin PBXFrameworksBuildPhase section */
		E4B1FD21285BC97F0067218E /* Frameworks */ = {
			isa = PBXFrameworksBuildPhase;
			buildActionMask = 2147483647;
			files = (
			);
			runOnlyForDeploymentPostprocessing = 0;
		};
/* End PBXFrameworksBuildPhase section */

/* Begin PBXGroup section */
		E456A3012864FA04007236C3 /* Model */ = {
			isa = PBXGroup;
			children = (
				E456A305286512F8007236C3 /* Folder+CoreDataProperties.swift */,
				E456A304286512F8007236C3 /* Folder+CoreDataClass.swift */,
				E456A303286512F8007236C3 /* Image+CoreDataProperties.swift */,
				E456A302286512F8007236C3 /* Image+CoreDataClass.swift */,
				E4C332A128685327001A3CB0 /* GlobalProperties.swift */,
			);
			path = Model;
			sourceTree = "<group>";
		};
		E456A30A28651422007236C3 /* Controllers */ = {
			isa = PBXGroup;
			children = (
				E4B1FD2B285BC97F0067218E /* MainViewController.swift */,
				E4AA349D285BCCA900954F0A /* DocumentsViewController.swift */,
				E4AA34A1285BCE2800954F0A /* NewImageViewController.swift */,
				E4AA349F285BCCC300954F0A /* PreviewViewController.swift */,
			);
			path = Controllers;
			sourceTree = "<group>";
		};
		E456A30B2865144E007236C3 /* Views */ = {
			isa = PBXGroup;
			children = (
				E4C2EA86286375A70002AB95 /* FolderCell.swift */,
				E4C2EA88286375CB0002AB95 /* PictureCell.swift */,
			);
			path = Views;
			sourceTree = "<group>";
		};
		E4B1FD1B285BC97F0067218E = {
			isa = PBXGroup;
			children = (
				E4B1FD26285BC97F0067218E /* MedImage */,
				E4B1FD25285BC97F0067218E /* Products */,
			);
			sourceTree = "<group>";
		};
		E4B1FD25285BC97F0067218E /* Products */ = {
			isa = PBXGroup;
			children = (
				E4B1FD24285BC97F0067218E /* MedImage.app */,
			);
			name = Products;
			sourceTree = "<group>";
		};
		E4B1FD26285BC97F0067218E /* MedImage */ = {
			isa = PBXGroup;
			children = (
				E456A30B2865144E007236C3 /* Views */,
				E456A30A28651422007236C3 /* Controllers */,
				E456A3012864FA04007236C3 /* Model */,
				E4B1FD27285BC97F0067218E /* AppDelegate.swift */,
				E4B1FD29285BC97F0067218E /* SceneDelegate.swift */,
				E4B1FD2D285BC97F0067218E /* Main.storyboard */,
				E4B1FD35285BC9800067218E /* LaunchScreen.storyboard */,
				E4B1FD33285BC9800067218E /* Assets.xcassets */,
				E4B1FD38285BC9800067218E /* Info.plist */,
				E4B1FD30285BC97F0067218E /* MedImage.xcdatamodeld */,
			);
			path = MedImage;
			sourceTree = "<group>";
		};
/* End PBXGroup section */

/* Begin PBXNativeTarget section */
		E4B1FD23285BC97F0067218E /* MedImage */ = {
			isa = PBXNativeTarget;
			buildConfigurationList = E4B1FD3B285BC9800067218E /* Build configuration list for PBXNativeTarget "MedImage" */;
			buildPhases = (
				E4B1FD20285BC97F0067218E /* Sources */,
				E4B1FD21285BC97F0067218E /* Frameworks */,
				E4B1FD22285BC97F0067218E /* Resources */,
			);
			buildRules = (
			);
			dependencies = (
			);
			name = MedImage;
			productName = MedImage;
			productReference = E4B1FD24285BC97F0067218E /* MedImage.app */;
			productType = "com.apple.product-type.application";
		};
/* End PBXNativeTarget section */

/* Begin PBXProject section */
		E4B1FD1C285BC97F0067218E /* Project object */ = {
			isa = PBXProject;
			attributes = {
				BuildIndependentTargetsInParallel = 1;
				LastSwiftUpdateCheck = 1330;
				LastUpgradeCheck = 1330;
				TargetAttributes = {
					E4B1FD23285BC97F0067218E = {
						CreatedOnToolsVersion = 13.3.1;
					};
				};
			};
			buildConfigurationList = E4B1FD1F285BC97F0067218E /* Build configuration list for PBXProject "MedImage" */;
			compatibilityVersion = "Xcode 13.0";
			developmentRegion = en;
			hasScannedForEncodings = 0;
			knownRegions = (
				en,
				Base,
			);
			mainGroup = E4B1FD1B285BC97F0067218E;
			productRefGroup = E4B1FD25285BC97F0067218E /* Products */;
			projectDirPath = "";
			projectRoot = "";
			targets = (
				E4B1FD23285BC97F0067218E /* MedImage */,
			);
		};
/* End PBXProject section */

/* Begin PBXResourcesBuildPhase section */
		E4B1FD22285BC97F0067218E /* Resources */ = {
			isa = PBXResourcesBuildPhase;
			buildActionMask = 2147483647;
			files = (
				E4B1FD37285BC9800067218E /* LaunchScreen.storyboard in Resources */,
				E4B1FD34285BC9800067218E /* Assets.xcassets in Resources */,
				E4B1FD2F285BC97F0067218E /* Main.storyboard in Resources */,
			);
			runOnlyForDeploymentPostprocessing = 0;
		};
/* End PBXResourcesBuildPhase section */

/* Begin PBXSourcesBuildPhase section */
		E4B1FD20285BC97F0067218E /* Sources */ = {
			isa = PBXSourcesBuildPhase;
			buildActionMask = 2147483647;
			files = (
				E4AA349E285BCCA900954F0A /* DocumentsViewController.swift in Sources */,
				E4B1FD2C285BC97F0067218E /* MainViewController.swift in Sources */,
				E4B1FD28285BC97F0067218E /* AppDelegate.swift in Sources */,
				E4C332A228685327001A3CB0 /* GlobalProperties.swift in Sources */,
				E4AA34A2285BCE2900954F0A /* NewImageViewController.swift in Sources */,
				E4B1FD32285BC97F0067218E /* MedImage.xcdatamodeld in Sources */,
				E456A308286512F8007236C3 /* Folder+CoreDataClass.swift in Sources */,
				E4C2EA89286375CB0002AB95 /* PictureCell.swift in Sources */,
				E456A309286512F8007236C3 /* Folder+CoreDataProperties.swift in Sources */,
				E4B1FD2A285BC97F0067218E /* SceneDelegate.swift in Sources */,
				E4AA34A0285BCCC300954F0A /* PreviewViewController.swift in Sources */,
				E4C2EA87286375A70002AB95 /* FolderCell.swift in Sources */,
				E456A306286512F8007236C3 /* Image+CoreDataClass.swift in Sources */,
				E456A307286512F8007236C3 /* Image+CoreDataProperties.swift in Sources */,
			);
			runOnlyForDeploymentPostprocessing = 0;
		};
/* End PBXSourcesBuildPhase section */

/* Begin PBXVariantGroup section */
		E4B1FD2D285BC97F0067218E /* Main.storyboard */ = {
			isa = PBXVariantGroup;
			children = (
				E4B1FD2E285BC97F0067218E /* Base */,
			);
			name = Main.storyboard;
			sourceTree = "<group>";
		};
		E4B1FD35285BC9800067218E /* LaunchScreen.storyboard */ = {
			isa = PBXVariantGroup;
			children = (
				E4B1FD36285BC9800067218E /* Base */,
			);
			name = LaunchScreen.storyboard;
			sourceTree = "<group>";
		};
/* End PBXVariantGroup section */

/* Begin XCBuildConfiguration section */
		E4B1FD39285BC9800067218E /* Debug */ = {
			isa = XCBuildConfiguration;
			buildSettings = {
				ALWAYS_SEARCH_USER_PATHS = NO;
				CLANG_ANALYZER_NONNULL = YES;
				CLANG_ANALYZER_NUMBER_OBJECT_CONVERSION = YES_AGGRESSIVE;
				CLANG_CXX_LANGUAGE_STANDARD = "gnu++17";
				CLANG_ENABLE_MODULES = YES;
				CLANG_ENABLE_OBJC_ARC = YES;
				CLANG_ENABLE_OBJC_WEAK = YES;
				CLANG_WARN_BLOCK_CAPTURE_AUTORELEASING = YES;
				CLANG_WARN_BOOL_CONVERSION = YES;
				CLANG_WARN_COMMA = YES;
				CLANG_WARN_CONSTANT_CONVERSION = YES;
				CLANG_WARN_DEPRECATED_OBJC_IMPLEMENTATIONS = YES;
				CLANG_WARN_DIRECT_OBJC_ISA_USAGE = YES_ERROR;
				CLANG_WARN_DOCUMENTATION_COMMENTS = YES;
				CLANG_WARN_EMPTY_BODY = YES;
				CLANG_WARN_ENUM_CONVERSION = YES;
				CLANG_WARN_INFINITE_RECURSION = YES;
				CLANG_WARN_INT_CONVERSION = YES;
				CLANG_WARN_NON_LITERAL_NULL_CONVERSION = YES;
				CLANG_WARN_OBJC_IMPLICIT_RETAIN_SELF = YES;
				CLANG_WARN_OBJC_LITERAL_CONVERSION = YES;
				CLANG_WARN_OBJC_ROOT_CLASS = YES_ERROR;
				CLANG_WARN_QUOTED_INCLUDE_IN_FRAMEWORK_HEADER = YES;
				CLANG_WARN_RANGE_LOOP_ANALYSIS = YES;
				CLANG_WARN_STRICT_PROTOTYPES = YES;
				CLANG_WARN_SUSPICIOUS_MOVE = YES;
				CLANG_WARN_UNGUARDED_AVAILABILITY = YES_AGGRESSIVE;
				CLANG_WARN_UNREACHABLE_CODE = YES;
				CLANG_WARN__DUPLICATE_METHOD_MATCH = YES;
				COPY_PHASE_STRIP = NO;
				DEBUG_INFORMATION_FORMAT = dwarf;
				ENABLE_STRICT_OBJC_MSGSEND = YES;
				ENABLE_TESTABILITY = YES;
				GCC_C_LANGUAGE_STANDARD = gnu11;
				GCC_DYNAMIC_NO_PIC = NO;
				GCC_NO_COMMON_BLOCKS = YES;
				GCC_OPTIMIZATION_LEVEL = 0;
				GCC_PREPROCESSOR_DEFINITIONS = (
					"DEBUG=1",
					"$(inherited)",
				);
				GCC_WARN_64_TO_32_BIT_CONVERSION = YES;
				GCC_WARN_ABOUT_RETURN_TYPE = YES_ERROR;
				GCC_WARN_UNDECLARED_SELECTOR = YES;
				GCC_WARN_UNINITIALIZED_AUTOS = YES_AGGRESSIVE;
				GCC_WARN_UNUSED_FUNCTION = YES;
				GCC_WARN_UNUSED_VARIABLE = YES;
				IPHONEOS_DEPLOYMENT_TARGET = 15.4;
				MTL_ENABLE_DEBUG_INFO = INCLUDE_SOURCE;
				MTL_FAST_MATH = YES;
				ONLY_ACTIVE_ARCH = YES;
				SDKROOT = iphoneos;
				SWIFT_ACTIVE_COMPILATION_CONDITIONS = DEBUG;
				SWIFT_OPTIMIZATION_LEVEL = "-Onone";
			};
			name = Debug;
		};
		E4B1FD3A285BC9800067218E /* Release */ = {
			isa = XCBuildConfiguration;
			buildSettings = {
				ALWAYS_SEARCH_USER_PATHS = NO;
				CLANG_ANALYZER_NONNULL = YES;
				CLANG_ANALYZER_NUMBER_OBJECT_CONVERSION = YES_AGGRESSIVE;
				CLANG_CXX_LANGUAGE_STANDARD = "gnu++17";
				CLANG_ENABLE_MODULES = YES;
				CLANG_ENABLE_OBJC_ARC = YES;
				CLANG_ENABLE_OBJC_WEAK = YES;
				CLANG_WARN_BLOCK_CAPTURE_AUTORELEASING = YES;
				CLANG_WARN_BOOL_CONVERSION = YES;
				CLANG_WARN_COMMA = YES;
				CLANG_WARN_CONSTANT_CONVERSION = YES;
				CLANG_WARN_DEPRECATED_OBJC_IMPLEMENTATIONS = YES;
				CLANG_WARN_DIRECT_OBJC_ISA_USAGE = YES_ERROR;
				CLANG_WARN_DOCUMENTATION_COMMENTS = YES;
				CLANG_WARN_EMPTY_BODY = YES;
				CLANG_WARN_ENUM_CONVERSION = YES;
				CLANG_WARN_INFINITE_RECURSION = YES;
				CLANG_WARN_INT_CONVERSION = YES;
				CLANG_WARN_NON_LITERAL_NULL_CONVERSION = YES;
				CLANG_WARN_OBJC_IMPLICIT_RETAIN_SELF = YES;
				CLANG_WARN_OBJC_LITERAL_CONVERSION = YES;
				CLANG_WARN_OBJC_ROOT_CLASS = YES_ERROR;
				CLANG_WARN_QUOTED_INCLUDE_IN_FRAMEWORK_HEADER = YES;
				CLANG_WARN_RANGE_LOOP_ANALYSIS = YES;
				CLANG_WARN_STRICT_PROTOTYPES = YES;
				CLANG_WARN_SUSPICIOUS_MOVE = YES;
				CLANG_WARN_UNGUARDED_AVAILABILITY = YES_AGGRESSIVE;
				CLANG_WARN_UNREACHABLE_CODE = YES;
				CLANG_WARN__DUPLICATE_METHOD_MATCH = YES;
				COPY_PHASE_STRIP = NO;
				DEBUG_INFORMATION_FORMAT = "dwarf-with-dsym";
				ENABLE_NS_ASSERTIONS = NO;
				ENABLE_STRICT_OBJC_MSGSEND = YES;
				GCC_C_LANGUAGE_STANDARD = gnu11;
				GCC_NO_COMMON_BLOCKS = YES;
				GCC_WARN_64_TO_32_BIT_CONVERSION = YES;
				GCC_WARN_ABOUT_RETURN_TYPE = YES_ERROR;
				GCC_WARN_UNDECLARED_SELECTOR = YES;
				GCC_WARN_UNINITIALIZED_AUTOS = YES_AGGRESSIVE;
				GCC_WARN_UNUSED_FUNCTION = YES;
				GCC_WARN_UNUSED_VARIABLE = YES;
				IPHONEOS_DEPLOYMENT_TARGET = 15.4;
				MTL_ENABLE_DEBUG_INFO = NO;
				MTL_FAST_MATH = YES;
				SDKROOT = iphoneos;
				SWIFT_COMPILATION_MODE = wholemodule;
				SWIFT_OPTIMIZATION_LEVEL = "-O";
				VALIDATE_PRODUCT = YES;
			};
			name = Release;
		};
		E4B1FD3C285BC9800067218E /* Debug */ = {
			isa = XCBuildConfiguration;
			buildSettings = {
				ASSETCATALOG_COMPILER_APPICON_NAME = AppIcon;
				ASSETCATALOG_COMPILER_GLOBAL_ACCENT_COLOR_NAME = AccentColor;
				CODE_SIGN_STYLE = Automatic;
				CURRENT_PROJECT_VERSION = 1;
				DEVELOPMENT_TEAM = Y324LTK9DG;
				GENERATE_INFOPLIST_FILE = YES;
				INFOPLIST_FILE = MedImage/Info.plist;
				INFOPLIST_KEY_UIApplicationSupportsIndirectInputEvents = YES;
				INFOPLIST_KEY_UILaunchStoryboardName = LaunchScreen;
				INFOPLIST_KEY_UIMainStoryboardFile = Main;
				INFOPLIST_KEY_UISupportedInterfaceOrientations = UIInterfaceOrientationPortrait;
				INFOPLIST_KEY_UISupportedInterfaceOrientations_iPad = "UIInterfaceOrientationPortrait UIInterfaceOrientationPortraitUpsideDown UIInterfaceOrientationLandscapeLeft UIInterfaceOrientationLandscapeRight";
				INFOPLIST_KEY_UISupportedInterfaceOrientations_iPhone = "UIInterfaceOrientationPortrait UIInterfaceOrientationLandscapeLeft UIInterfaceOrientationLandscapeRight";
				LD_RUNPATH_SEARCH_PATHS = (
					"$(inherited)",
					"@executable_path/Frameworks",
				);
				MARKETING_VERSION = 1.0;
				PRODUCT_BUNDLE_IDENTIFIER = com.mariam.MedImage;
				PRODUCT_NAME = "$(TARGET_NAME)";
				SWIFT_EMIT_LOC_STRINGS = YES;
				SWIFT_VERSION = 5.0;
				TARGETED_DEVICE_FAMILY = 1;
			};
			name = Debug;
		};
		E4B1FD3D285BC9800067218E /* Release */ = {
			isa = XCBuildConfiguration;
			buildSettings = {
				ASSETCATALOG_COMPILER_APPICON_NAME = AppIcon;
				ASSETCATALOG_COMPILER_GLOBAL_ACCENT_COLOR_NAME = AccentColor;
				CODE_SIGN_STYLE = Automatic;
				CURRENT_PROJECT_VERSION = 1;
				DEVELOPMENT_TEAM = Y324LTK9DG;
				GENERATE_INFOPLIST_FILE = YES;
				INFOPLIST_FILE = MedImage/Info.plist;
				INFOPLIST_KEY_UIApplicationSupportsIndirectInputEvents = YES;
				INFOPLIST_KEY_UILaunchStoryboardName = LaunchScreen;
				INFOPLIST_KEY_UIMainStoryboardFile = Main;
				INFOPLIST_KEY_UISupportedInterfaceOrientations = UIInterfaceOrientationPortrait;
				INFOPLIST_KEY_UISupportedInterfaceOrientations_iPad = "UIInterfaceOrientationPortrait UIInterfaceOrientationPortraitUpsideDown UIInterfaceOrientationLandscapeLeft UIInterfaceOrientationLandscapeRight";
				INFOPLIST_KEY_UISupportedInterfaceOrientations_iPhone = "UIInterfaceOrientationPortrait UIInterfaceOrientationLandscapeLeft UIInterfaceOrientationLandscapeRight";
				LD_RUNPATH_SEARCH_PATHS = (
					"$(inherited)",
					"@executable_path/Frameworks",
				);
				MARKETING_VERSION = 1.0;
				PRODUCT_BUNDLE_IDENTIFIER = com.mariam.MedImage;
				PRODUCT_NAME = "$(TARGET_NAME)";
				SWIFT_EMIT_LOC_STRINGS = YES;
				SWIFT_VERSION = 5.0;
				TARGETED_DEVICE_FAMILY = 1;
			};
			name = Release;
		};
/* End XCBuildConfiguration section */

/* Begin XCConfigurationList section */
		E4B1FD1F285BC97F0067218E /* Build configuration list for PBXProject "MedImage" */ = {
			isa = XCConfigurationList;
			buildConfigurations = (
				E4B1FD39285BC9800067218E /* Debug */,
				E4B1FD3A285BC9800067218E /* Release */,
			);
			defaultConfigurationIsVisible = 0;
			defaultConfigurationName = Release;
		};
		E4B1FD3B285BC9800067218E /* Build configuration list for PBXNativeTarget "MedImage" */ = {
			isa = XCConfigurationList;
			buildConfigurations = (
				E4B1FD3C285BC9800067218E /* Debug */,
				E4B1FD3D285BC9800067218E /* Release */,
			);
			defaultConfigurationIsVisible = 0;
			defaultConfigurationName = Release;
		};
/* End XCConfigurationList section */

/* Begin XCVersionGroup section */
		E4B1FD30285BC97F0067218E /* MedImage.xcdatamodeld */ = {
			isa = XCVersionGroup;
			children = (
				E4B1FD31285BC97F0067218E /* MedImage.xcdatamodel */,
			);
			currentVersion = E4B1FD31285BC97F0067218E /* MedImage.xcdatamodel */;
			path = MedImage.xcdatamodeld;
			sourceTree = "<group>";
			versionGroupType = wrapper.xcdatamodel;
		};
/* End XCVersionGroup section */
	};
	rootObject = E4B1FD1C285BC97F0067218E /* Project object */;
}
